
Microsoft Visual Studio Solution File, Format Version 12.00
# Visual Studio Version 17
VisualStudioVersion = 17.7.34018.315
MinimumVisualStudioVersion = 10.0.40219.1
Project("{8BC9CEB8-8B4A-11D0-8D11-00A0C91BC942}") = "Emmanuel_Velazquez_165_assign", "Emmanuel_Velazquez_165_assign\Emmanuel_Velazquez_165_assign.vcxproj", "{F97C15B1-DA50-4D68-94B3-E753D99D74D6}"
EndProject
Global
	GlobalSection(SolutionConfigurationPlatforms) = preSolution
		Debug|x64 = Debug|x64
		Debug|x86 = Debug|x86
		Release|x64 = Release|x64
		Release|x86 = Release|x86
	EndGlobalSection
	GlobalSection(ProjectConfigurationPlatforms) = postSolution
		{F97C15B1-DA50-4D68-94B3-E753D99D74D6}.Debug|x64.ActiveCfg = Debug|x64
		{F97C15B1-DA50-4D68-94B3-E753D99D74D6}.Debug|x64.Build.0 = Debug|x64
		{F97C15B1-DA50-4D68-94B3-E753D99D74D6}.Debug|x86.ActiveCfg = Debug|Win32
		{F97C15B1-DA50-4D68-94B3-E753D99D74D6}.Debug|x86.Build.0 = Debug|Win32
		{F97C15B1-DA50-4D68-94B3-E753D99D74D6}.Release|x64.ActiveCfg = Release|x64
		{F97C15B1-DA50-4D68-94B3-E753D99D74D6}.Release|x64.Build.0 = Release|x64
		{F97C15B1-DA50-4D68-94B3-E753D99D74D6}.Release|x86.ActiveCfg = Release|Win32
		{F97C15B1-DA50-4D68-94B3-E753D99D74D6}.Release|x86.Build.0 = Release|Win32
	EndGlobalSection
	GlobalSection(SolutionProperties) = preSolution
		HideSolutionNode = FALSE
	EndGlobalSection
	GlobalSection(ExtensibilityGlobals) = postSolution
		SolutionGuid = {4327B9D1-C820-4D44-879F-EFC09EF13411}
	EndGlobalSection
EndGlobal
